// !$*UTF8*$!
{
	archiveVersion = 1;
	classes = {
	};
	objectVersion = 46;
	objects = {

/* Begin PBXBuildFile section */
		E2AA80061C2FF265008706F8 /* AppDelegate.swift in Sources */ = {isa = PBXBuildFile; fileRef = E2AA80051C2FF265008706F8 /* AppDelegate.swift */; };
		E2AA80081C2FF265008706F8 /* TimelineViewController.swift in Sources */ = {isa = PBXBuildFile; fileRef = E2AA80071C2FF265008706F8 /* TimelineViewController.swift */; };
		E2AA800B1C2FF265008706F8 /* Main.storyboard in Resources */ = {isa = PBXBuildFile; fileRef = E2AA80091C2FF265008706F8 /* Main.storyboard */; };
		E2AA800D1C2FF265008706F8 /* Assets.xcassets in Resources */ = {isa = PBXBuildFile; fileRef = E2AA800C1C2FF265008706F8 /* Assets.xcassets */; };
		E2AA80101C2FF265008706F8 /* LaunchScreen.storyboard in Resources */ = {isa = PBXBuildFile; fileRef = E2AA800E1C2FF265008706F8 /* LaunchScreen.storyboard */; };
		E2AA801B1C2FF265008706F8 /* MovitterTests.swift in Sources */ = {isa = PBXBuildFile; fileRef = E2AA801A1C2FF265008706F8 /* MovitterTests.swift */; };
		E2AA80261C2FF265008706F8 /* MovitterUITests.swift in Sources */ = {isa = PBXBuildFile; fileRef = E2AA80251C2FF265008706F8 /* MovitterUITests.swift */; };
		E2AA80351C2FF4D6008706F8 /* TimelineView.xib in Resources */ = {isa = PBXBuildFile; fileRef = E2AA80341C2FF4D6008706F8 /* TimelineView.xib */; };
		E2AA80371C2FF4E2008706F8 /* Timeline.swift in Sources */ = {isa = PBXBuildFile; fileRef = E2AA80361C2FF4E2008706F8 /* Timeline.swift */; };
/* End PBXBuildFile section */

/* Begin PBXContainerItemProxy section */
		E2AA80171C2FF265008706F8 /* PBXContainerItemProxy */ = {
			isa = PBXContainerItemProxy;
			containerPortal = E2AA7FFA1C2FF265008706F8 /* Project object */;
			proxyType = 1;
			remoteGlobalIDString = E2AA80011C2FF265008706F8;
			remoteInfo = Movitter;
		};
		E2AA80221C2FF265008706F8 /* PBXContainerItemProxy */ = {
			isa = PBXContainerItemProxy;
			containerPortal = E2AA7FFA1C2FF265008706F8 /* Project object */;
			proxyType = 1;
			remoteGlobalIDString = E2AA80011C2FF265008706F8;
			remoteInfo = Movitter;
		};
/* End PBXContainerItemProxy section */

/* Begin PBXFileReference section */
		E2AA80021C2FF265008706F8 /* Movitter.app */ = {isa = PBXFileReference; explicitFileType = wrapper.application; includeInIndex = 0; path = Movitter.app; sourceTree = BUILT_PRODUCTS_DIR; };
		E2AA80051C2FF265008706F8 /* AppDelegate.swift */ = {isa = PBXFileReference; lastKnownFileType = sourcecode.swift; path = AppDelegate.swift; sourceTree = "<group>"; };
		E2AA80071C2FF265008706F8 /* TimelineViewController.swift */ = {isa = PBXFileReference; lastKnownFileType = sourcecode.swift; path = TimelineViewController.swift; sourceTree = "<group>"; };
		E2AA800A1C2FF265008706F8 /* Base */ = {isa = PBXFileReference; lastKnownFileType = file.storyboard; name = Base; path = Base.lproj/Main.storyboard; sourceTree = "<group>"; };
		E2AA800C1C2FF265008706F8 /* Assets.xcassets */ = {isa = PBXFileReference; lastKnownFileType = folder.assetcatalog; path = Assets.xcassets; sourceTree = "<group>"; };
		E2AA800F1C2FF265008706F8 /* Base */ = {isa = PBXFileReference; lastKnownFileType = file.storyboard; name = Base; path = Base.lproj/LaunchScreen.storyboard; sourceTree = "<group>"; };
		E2AA80111C2FF265008706F8 /* Info.plist */ = {isa = PBXFileReference; lastKnownFileType = text.plist.xml; path = Info.plist; sourceTree = "<group>"; };
		E2AA80161C2FF265008706F8 /* MovitterTests.xctest */ = {isa = PBXFileReference; explicitFileType = wrapper.cfbundle; includeInIndex = 0; path = MovitterTests.xctest; sourceTree = BUILT_PRODUCTS_DIR; };
		E2AA801A1C2FF265008706F8 /* MovitterTests.swift */ = {isa = PBXFileReference; lastKnownFileType = sourcecode.swift; path = MovitterTests.swift; sourceTree = "<group>"; };
		E2AA801C1C2FF265008706F8 /* Info.plist */ = {isa = PBXFileReference; lastKnownFileType = text.plist.xml; path = Info.plist; sourceTree = "<group>"; };
		E2AA80211C2FF265008706F8 /* MovitterUITests.xctest */ = {isa = PBXFileReference; explicitFileType = wrapper.cfbundle; includeInIndex = 0; path = MovitterUITests.xctest; sourceTree = BUILT_PRODUCTS_DIR; };
		E2AA80251C2FF265008706F8 /* MovitterUITests.swift */ = {isa = PBXFileReference; lastKnownFileType = sourcecode.swift; path = MovitterUITests.swift; sourceTree = "<group>"; };
		E2AA80271C2FF265008706F8 /* Info.plist */ = {isa = PBXFileReference; lastKnownFileType = text.plist.xml; path = Info.plist; sourceTree = "<group>"; };
		E2AA80341C2FF4D6008706F8 /* TimelineView.xib */ = {isa = PBXFileReference; fileEncoding = 4; lastKnownFileType = file.xib; path = TimelineView.xib; sourceTree = "<group>"; };
		E2AA80361C2FF4E2008706F8 /* Timeline.swift */ = {isa = PBXFileReference; fileEncoding = 4; lastKnownFileType = sourcecode.swift; path = Timeline.swift; sourceTree = "<group>"; };
/* End PBXFileReference section */

/* Begin PBXFrameworksBuildPhase section */
		E2AA7FFF1C2FF265008706F8 /* Frameworks */ = {
			isa = PBXFrameworksBuildPhase;
			buildActionMask = 2147483647;
			files = (
			);
			runOnlyForDeploymentPostprocessing = 0;
		};
		E2AA80131C2FF265008706F8 /* Frameworks */ = {
			isa = PBXFrameworksBuildPhase;
			buildActionMask = 2147483647;
			files = (
			);
			runOnlyForDeploymentPostprocessing = 0;
		};
		E2AA801E1C2FF265008706F8 /* Frameworks */ = {
			isa = PBXFrameworksBuildPhase;
			buildActionMask = 2147483647;
			files = (
			);
			runOnlyForDeploymentPostprocessing = 0;
		};
/* End PBXFrameworksBuildPhase section */

/* Begin PBXGroup section */
		E2AA7FF91C2FF265008706F8 = {
			isa = PBXGroup;
			children = (
				E2AA80041C2FF265008706F8 /* Movitter */,
				E2AA80191C2FF265008706F8 /* MovitterTests */,
				E2AA80241C2FF265008706F8 /* MovitterUITests */,
				E2AA80031C2FF265008706F8 /* Products */,
			);
			sourceTree = "<group>";
		};
		E2AA80031C2FF265008706F8 /* Products */ = {
			isa = PBXGroup;
			children = (
				E2AA80021C2FF265008706F8 /* Movitter.app */,
				E2AA80161C2FF265008706F8 /* MovitterTests.xctest */,
				E2AA80211C2FF265008706F8 /* MovitterUITests.xctest */,
			);
			name = Products;
			sourceTree = "<group>";
		};
		E2AA80041C2FF265008706F8 /* Movitter */ = {
			isa = PBXGroup;
			children = (
				E2AA80331C2FF4C4008706F8 /* Timeline */,
				E2AA80051C2FF265008706F8 /* AppDelegate.swift */,
				E2AA80091C2FF265008706F8 /* Main.storyboard */,
				E2AA800C1C2FF265008706F8 /* Assets.xcassets */,
				E2AA800E1C2FF265008706F8 /* LaunchScreen.storyboard */,
				E2AA80111C2FF265008706F8 /* Info.plist */,
			);
			path = Movitter;
			sourceTree = "<group>";
		};
		E2AA80191C2FF265008706F8 /* MovitterTests */ = {
			isa = PBXGroup;
			children = (
				E2AA801A1C2FF265008706F8 /* MovitterTests.swift */,
				E2AA801C1C2FF265008706F8 /* Info.plist */,
			);
			path = MovitterTests;
			sourceTree = "<group>";
		};
		E2AA80241C2FF265008706F8 /* MovitterUITests */ = {
			isa = PBXGroup;
			children = (
				E2AA80251C2FF265008706F8 /* MovitterUITests.swift */,
				E2AA80271C2FF265008706F8 /* Info.plist */,
			);
			path = MovitterUITests;
			sourceTree = "<group>";
		};
		E2AA80331C2FF4C4008706F8 /* Timeline */ = {
			isa = PBXGroup;
			children = (
				E2AA80071C2FF265008706F8 /* TimelineViewController.swift */,
				E2AA80341C2FF4D6008706F8 /* TimelineView.xib */,
				E2AA80361C2FF4E2008706F8 /* Timeline.swift */,
			);
			name = Timeline;
			sourceTree = "<group>";
		};
/* End PBXGroup section */

/* Begin PBXNativeTarget section */
		E2AA80011C2FF265008706F8 /* Movitter */ = {
			isa = PBXNativeTarget;
			buildConfigurationList = E2AA802A1C2FF265008706F8 /* Build configuration list for PBXNativeTarget "Movitter" */;
			buildPhases = (
				E2AA7FFE1C2FF265008706F8 /* Sources */,
				E2AA7FFF1C2FF265008706F8 /* Frameworks */,
				E2AA80001C2FF265008706F8 /* Resources */,
			);
			buildRules = (
			);
			dependencies = (
			);
			name = Movitter;
			productName = Movitter;
			productReference = E2AA80021C2FF265008706F8 /* Movitter.app */;
			productType = "com.apple.product-type.application";
		};
		E2AA80151C2FF265008706F8 /* MovitterTests */ = {
			isa = PBXNativeTarget;
			buildConfigurationList = E2AA802D1C2FF265008706F8 /* Build configuration list for PBXNativeTarget "MovitterTests" */;
			buildPhases = (
				E2AA80121C2FF265008706F8 /* Sources */,
				E2AA80131C2FF265008706F8 /* Frameworks */,
				E2AA80141C2FF265008706F8 /* Resources */,
			);
			buildRules = (
			);
			dependencies = (
				E2AA80181C2FF265008706F8 /* PBXTargetDependency */,
			);
			name = MovitterTests;
			productName = MovitterTests;
			productReference = E2AA80161C2FF265008706F8 /* MovitterTests.xctest */;
			productType = "com.apple.product-type.bundle.unit-test";
		};
		E2AA80201C2FF265008706F8 /* MovitterUITests */ = {
			isa = PBXNativeTarget;
			buildConfigurationList = E2AA80301C2FF265008706F8 /* Build configuration list for PBXNativeTarget "MovitterUITests" */;
			buildPhases = (
				E2AA801D1C2FF265008706F8 /* Sources */,
				E2AA801E1C2FF265008706F8 /* Frameworks */,
				E2AA801F1C2FF265008706F8 /* Resources */,
			);
			buildRules = (
			);
			dependencies = (
				E2AA80231C2FF265008706F8 /* PBXTargetDependency */,
			);
			name = MovitterUITests;
			productName = MovitterUITests;
			productReference = E2AA80211C2FF265008706F8 /* MovitterUITests.xctest */;
			productType = "com.apple.product-type.bundle.ui-testing";
		};
/* End PBXNativeTarget section */

/* Begin PBXProject section */
		E2AA7FFA1C2FF265008706F8 /* Project object */ = {
			isa = PBXProject;
			attributes = {
				LastSwiftUpdateCheck = 0720;
				LastUpgradeCheck = 0720;
				ORGANIZATIONNAME = "Kyohei Seo";
				TargetAttributes = {
					E2AA80011C2FF265008706F8 = {
						CreatedOnToolsVersion = 7.2;
						DevelopmentTeam = H4BBWF3E5R;
					};
					E2AA80151C2FF265008706F8 = {
						CreatedOnToolsVersion = 7.2;
						DevelopmentTeam = H4BBWF3E5R;
						TestTargetID = E2AA80011C2FF265008706F8;
					};
					E2AA80201C2FF265008706F8 = {
						CreatedOnToolsVersion = 7.2;
						DevelopmentTeam = H4BBWF3E5R;
						TestTargetID = E2AA80011C2FF265008706F8;
					};
				};
			};
			buildConfigurationList = E2AA7FFD1C2FF265008706F8 /* Build configuration list for PBXProject "Movitter" */;
			compatibilityVersion = "Xcode 3.2";
			developmentRegion = English;
			hasScannedForEncodings = 0;
			knownRegions = (
				en,
				Base,
			);
			mainGroup = E2AA7FF91C2FF265008706F8;
			productRefGroup = E2AA80031C2FF265008706F8 /* Products */;
			projectDirPath = "";
			projectRoot = "";
			targets = (
				E2AA80011C2FF265008706F8 /* Movitter */,
				E2AA80151C2FF265008706F8 /* MovitterTests */,
				E2AA80201C2FF265008706F8 /* MovitterUITests */,
			);
		};
/* End PBXProject section */

/* Begin PBXResourcesBuildPhase section */
		E2AA80001C2FF265008706F8 /* Resources */ = {
			isa = PBXResourcesBuildPhase;
			buildActionMask = 2147483647;
			files = (
				E2AA80101C2FF265008706F8 /* LaunchScreen.storyboard in Resources */,
				E2AA800D1C2FF265008706F8 /* Assets.xcassets in Resources */,
				E2AA800B1C2FF265008706F8 /* Main.storyboard in Resources */,
				E2AA80351C2FF4D6008706F8 /* TimelineView.xib in Resources */,
			);
			runOnlyForDeploymentPostprocessing = 0;
		};
		E2AA80141C2FF265008706F8 /* Resources */ = {
			isa = PBXResourcesBuildPhase;
			buildActionMask = 2147483647;
			files = (
			);
			runOnlyForDeploymentPostprocessing = 0;
		};
		E2AA801F1C2FF265008706F8 /* Resources */ = {
			isa = PBXResourcesBuildPhase;
			buildActionMask = 2147483647;
			files = (
			);
			runOnlyForDeploymentPostprocessing = 0;
		};
/* End PBXResourcesBuildPhase section */

/* Begin PBXSourcesBuildPhase section */
		E2AA7FFE1C2FF265008706F8 /* Sources */ = {
			isa = PBXSourcesBuildPhase;
			buildActionMask = 2147483647;
			files = (
				E2AA80371C2FF4E2008706F8 /* Timeline.swift in Sources */,
				E2AA80081C2FF265008706F8 /* TimelineViewController.swift in Sources */,
				E2AA80061C2FF265008706F8 /* AppDelegate.swift in Sources */,
			);
			runOnlyForDeploymentPostprocessing = 0;
		};
		E2AA80121C2FF265008706F8 /* Sources */ = {
			isa = PBXSourcesBuildPhase;
			buildActionMask = 2147483647;
			files = (
				E2AA801B1C2FF265008706F8 /* MovitterTests.swift in Sources */,
			);
			runOnlyForDeploymentPostprocessing = 0;
		};
		E2AA801D1C2FF265008706F8 /* Sources */ = {
			isa = PBXSourcesBuildPhase;
			buildActionMask = 2147483647;
			files = (
				E2AA80261C2FF265008706F8 /* MovitterUITests.swift in Sources */,
			);
			runOnlyForDeploymentPostprocessing = 0;
		};
/* End PBXSourcesBuildPhase section */

/* Begin PBXTargetDependency section */
		E2AA80181C2FF265008706F8 /* PBXTargetDependency */ = {
			isa = PBXTargetDependency;
			target = E2AA80011C2FF265008706F8 /* Movitter */;
			targetProxy = E2AA80171C2FF265008706F8 /* PBXContainerItemProxy */;
		};
		E2AA80231C2FF265008706F8 /* PBXTargetDependency */ = {
			isa = PBXTargetDependency;
			target = E2AA80011C2FF265008706F8 /* Movitter */;
			targetProxy = E2AA80221C2FF265008706F8 /* PBXContainerItemProxy */;
		};
/* End PBXTargetDependency section */

/* Begin PBXVariantGroup section */
		E2AA80091C2FF265008706F8 /* Main.storyboard */ = {
			isa = PBXVariantGroup;
			children = (
				E2AA800A1C2FF265008706F8 /* Base */,
			);
			name = Main.storyboard;
			sourceTree = "<group>";
		};
		E2AA800E1C2FF265008706F8 /* LaunchScreen.storyboard */ = {
			isa = PBXVariantGroup;
			children = (
				E2AA800F1C2FF265008706F8 /* Base */,
			);
			name = LaunchScreen.storyboard;
			sourceTree = "<group>";
		};
/* End PBXVariantGroup section */

/* Begin XCBuildConfiguration section */
		E2AA80281C2FF265008706F8 /* Debug */ = {
			isa = XCBuildConfiguration;
			buildSettings = {
				ALWAYS_SEARCH_USER_PATHS = NO;
				CLANG_CXX_LANGUAGE_STANDARD = "gnu++0x";
				CLANG_CXX_LIBRARY = "libc++";
				CLANG_ENABLE_MODULES = YES;
				CLANG_ENABLE_OBJC_ARC = YES;
				CLANG_WARN_BOOL_CONVERSION = YES;
				CLANG_WARN_CONSTANT_CONVERSION = YES;
				CLANG_WARN_DIRECT_OBJC_ISA_USAGE = YES_ERROR;
				CLANG_WARN_EMPTY_BODY = YES;
				CLANG_WARN_ENUM_CONVERSION = YES;
				CLANG_WARN_INT_CONVERSION = YES;
				CLANG_WARN_OBJC_ROOT_CLASS = YES_ERROR;
				CLANG_WARN_UNREACHABLE_CODE = YES;
				CLANG_WARN__DUPLICATE_METHOD_MATCH = YES;
				"CODE_SIGN_IDENTITY[sdk=iphoneos*]" = "iPhone Developer";
				COPY_PHASE_STRIP = NO;
				DEBUG_INFORMATION_FORMAT = dwarf;
				ENABLE_STRICT_OBJC_MSGSEND = YES;
				ENABLE_TESTABILITY = YES;
				GCC_C_LANGUAGE_STANDARD = gnu99;
				GCC_DYNAMIC_NO_PIC = NO;
				GCC_NO_COMMON_BLOCKS = YES;
				GCC_OPTIMIZATION_LEVEL = 0;
				GCC_PREPROCESSOR_DEFINITIONS = (
					"DEBUG=1",
					"$(inherited)",
				);
				GCC_WARN_64_TO_32_BIT_CONVERSION = YES;
				GCC_WARN_ABOUT_RETURN_TYPE = YES_ERROR;
				GCC_WARN_UNDECLARED_SELECTOR = YES;
				GCC_WARN_UNINITIALIZED_AUTOS = YES_AGGRESSIVE;
				GCC_WARN_UNUSED_FUNCTION = YES;
				GCC_WARN_UNUSED_VARIABLE = YES;
				IPHONEOS_DEPLOYMENT_TARGET = 9.2;
				MTL_ENABLE_DEBUG_INFO = YES;
				ONLY_ACTIVE_ARCH = YES;
				SDKROOT = iphoneos;
				SWIFT_OPTIMIZATION_LEVEL = "-Onone";
			};
			name = Debug;
		};
		E2AA80291C2FF265008706F8 /* Release */ = {
			isa = XCBuildConfiguration;
			buildSettings = {
				ALWAYS_SEARCH_USER_PATHS = NO;
				CLANG_CXX_LANGUAGE_STANDARD = "gnu++0x";
				CLANG_CXX_LIBRARY = "libc++";
				CLANG_ENABLE_MODULES = YES;
				CLANG_ENABLE_OBJC_ARC = YES;
				CLANG_WARN_BOOL_CONVERSION = YES;
				CLANG_WARN_CONSTANT_CONVERSION = YES;
				CLANG_WARN_DIRECT_OBJC_ISA_USAGE = YES_ERROR;
				CLANG_WARN_EMPTY_BODY = YES;
				CLANG_WARN_ENUM_CONVERSION = YES;
				CLANG_WARN_INT_CONVERSION = YES;
				CLANG_WARN_OBJC_ROOT_CLASS = YES_ERROR;
				CLANG_WARN_UNREACHABLE_CODE = YES;
				CLANG_WARN__DUPLICATE_METHOD_MATCH = YES;
				"CODE_SIGN_IDENTITY[sdk=iphoneos*]" = "iPhone Developer";
				COPY_PHASE_STRIP = NO;
				DEBUG_INFORMATION_FORMAT = "dwarf-with-dsym";
				ENABLE_NS_ASSERTIONS = NO;
				ENABLE_STRICT_OBJC_MSGSEND = YES;
				GCC_C_LANGUAGE_STANDARD = gnu99;
				GCC_NO_COMMON_BLOCKS = YES;
				GCC_WARN_64_TO_32_BIT_CONVERSION = YES;
				GCC_WARN_ABOUT_RETURN_TYPE = YES_ERROR;
				GCC_WARN_UNDECLARED_SELECTOR = YES;
				GCC_WARN_UNINITIALIZED_AUTOS = YES_AGGRESSIVE;
				GCC_WARN_UNUSED_FUNCTION = YES;
				GCC_WARN_UNUSED_VARIABLE = YES;
				IPHONEOS_DEPLOYMENT_TARGET = 9.2;
				MTL_ENABLE_DEBUG_INFO = NO;
				SDKROOT = iphoneos;
				VALIDATE_PRODUCT = YES;
			};
			name = Release;
		};
		E2AA802B1C2FF265008706F8 /* Debug */ = {
			isa = XCBuildConfiguration;
			buildSettings = {
				ASSETCATALOG_COMPILER_APPICON_NAME = AppIcon;
				INFOPLIST_FILE = Movitter/Info.plist;
				LD_RUNPATH_SEARCH_PATHS = "$(inherited) @executable_path/Frameworks";
				PRODUCT_BUNDLE_IDENTIFIER = com.seokyohei.Movitter;
				PRODUCT_NAME = "$(TARGET_NAME)";
			};
			name = Debug;
		};
		E2AA802C1C2FF265008706F8 /* Release */ = {
			isa = XCBuildConfiguration;
			buildSettings = {
				ASSETCATALOG_COMPILER_APPICON_NAME = AppIcon;
				INFOPLIST_FILE = Movitter/Info.plist;
				LD_RUNPATH_SEARCH_PATHS = "$(inherited) @executable_path/Frameworks";
				PRODUCT_BUNDLE_IDENTIFIER = com.seokyohei.Movitter;
				PRODUCT_NAME = "$(TARGET_NAME)";
			};
			name = Release;
		};
		E2AA802E1C2FF265008706F8 /* Debug */ = {
			isa = XCBuildConfiguration;
			buildSettings = {
				BUNDLE_LOADER = "$(TEST_HOST)";
				INFOPLIST_FILE = MovitterTests/Info.plist;
				LD_RUNPATH_SEARCH_PATHS = "$(inherited) @executable_path/Frameworks @loader_path/Frameworks";
				PRODUCT_BUNDLE_IDENTIFIER = com.seokyohei.MovitterTests;
				PRODUCT_NAME = "$(TARGET_NAME)";
				TEST_HOST = "$(BUILT_PRODUCTS_DIR)/Movitter.app/Movitter";
			};
			name = Debug;
		};
		E2AA802F1C2FF265008706F8 /* Release */ = {
			isa = XCBuildConfiguration;
			buildSettings = {
				BUNDLE_LOADER = "$(TEST_HOST)";
				INFOPLIST_FILE = MovitterTests/Info.plist;
				LD_RUNPATH_SEARCH_PATHS = "$(inherited) @executable_path/Frameworks @loader_path/Frameworks";
				PRODUCT_BUNDLE_IDENTIFIER = com.seokyohei.MovitterTests;
				PRODUCT_NAME = "$(TARGET_NAME)";
				TEST_HOST = "$(BUILT_PRODUCTS_DIR)/Movitter.app/Movitter";
			};
			name = Release;
		};
		E2AA80311C2FF265008706F8 /* Debug */ = {
			isa = XCBuildConfiguration;
			buildSettings = {
				INFOPLIST_FILE = MovitterUITests/Info.plist;
				LD_RUNPATH_SEARCH_PATHS = "$(inherited) @executable_path/Frameworks @loader_path/Frameworks";
				PRODUCT_BUNDLE_IDENTIFIER = com.seokyohei.MovitterUITests;
				PRODUCT_NAME = "$(TARGET_NAME)";
				TEST_TARGET_NAME = Movitter;
				USES_XCTRUNNER = YES;
			};
			name = Debug;
		};
		E2AA80321C2FF265008706F8 /* Release */ = {
			isa = XCBuildConfiguration;
			buildSettings = {
				INFOPLIST_FILE = MovitterUITests/Info.plist;
				LD_RUNPATH_SEARCH_PATHS = "$(inherited) @executable_path/Frameworks @loader_path/Frameworks";
				PRODUCT_BUNDLE_IDENTIFIER = com.seokyohei.MovitterUITests;
				PRODUCT_NAME = "$(TARGET_NAME)";
				TEST_TARGET_NAME = Movitter;
				USES_XCTRUNNER = YES;
			};
			name = Release;
		};
/* End XCBuildConfiguration section */

/* Begin XCConfigurationList section */
		E2AA7FFD1C2FF265008706F8 /* Build configuration list for PBXProject "Movitter" */ = {
			isa = XCConfigurationList;
			buildConfigurations = (
				E2AA80281C2FF265008706F8 /* Debug */,
				E2AA80291C2FF265008706F8 /* Release */,
			);
			defaultConfigurationIsVisible = 0;
			defaultConfigurationName = Release;
		};
		E2AA802A1C2FF265008706F8 /* Build configuration list for PBXNativeTarget "Movitter" */ = {
			isa = XCConfigurationList;
			buildConfigurations = (
				E2AA802B1C2FF265008706F8 /* Debug */,
				E2AA802C1C2FF265008706F8 /* Release */,
			);
			defaultConfigurationIsVisible = 0;
		};
		E2AA802D1C2FF265008706F8 /* Build configuration list for PBXNativeTarget "MovitterTests" */ = {
			isa = XCConfigurationList;
			buildConfigurations = (
				E2AA802E1C2FF265008706F8 /* Debug */,
				E2AA802F1C2FF265008706F8 /* Release */,
			);
			defaultConfigurationIsVisible = 0;
		};
		E2AA80301C2FF265008706F8 /* Build configuration list for PBXNativeTarget "MovitterUITests" */ = {
			isa = XCConfigurationList;
			buildConfigurations = (
				E2AA80311C2FF265008706F8 /* Debug */,
				E2AA80321C2FF265008706F8 /* Release */,
			);
			defaultConfigurationIsVisible = 0;
		};
/* End XCConfigurationList section */
	};
	rootObject = E2AA7FFA1C2FF265008706F8 /* Project object */;
}
